
Microsoft Visual Studio Solution File, Format Version 12.00
# Visual Studio Version 16
VisualStudioVersion = 16.0.32228.343
MinimumVisualStudioVersion = 10.0.40219.1
Project("{FAE04EC0-301F-11D3-BF4B-00C04F79EFBC}") = "PawNClaw.API", "PawNClaw.API\PawNClaw.API.csproj", "{FEBB70CD-712C-4005-8FC8-6155F0C80A8E}"
EndProject
Project("{FAE04EC0-301F-11D3-BF4B-00C04F79EFBC}") = "PawNClaw.Business", "PawNClaw.Business\PawNClaw.Business.csproj", "{AE0D99E8-5655-4338-B70F-7FD97778A1EA}"
EndProject
Project("{FAE04EC0-301F-11D3-BF4B-00C04F79EFBC}") = "PawNClaw.Data", "PawNClaw.Data\PawNClaw.Data.csproj", "{D7F794E5-113F-43FE-9090-55149A39D1B5}"
EndProject
Global
	GlobalSection(SolutionConfigurationPlatforms) = preSolution
		Debug|Any CPU = Debug|Any CPU
		Release|Any CPU = Release|Any CPU
	EndGlobalSection
	GlobalSection(ProjectConfigurationPlatforms) = postSolution
		{FEBB70CD-712C-4005-8FC8-6155F0C80A8E}.Debug|Any CPU.ActiveCfg = Debug|Any CPU
		{FEBB70CD-712C-4005-8FC8-6155F0C80A8E}.Debug|Any CPU.Build.0 = Debug|Any CPU
		{FEBB70CD-712C-4005-8FC8-6155F0C80A8E}.Release|Any CPU.ActiveCfg = Release|Any CPU
		{FEBB70CD-712C-4005-8FC8-6155F0C80A8E}.Release|Any CPU.Build.0 = Release|Any CPU
		{AE0D99E8-5655-4338-B70F-7FD97778A1EA}.Debug|Any CPU.ActiveCfg = Debug|Any CPU
		{AE0D99E8-5655-4338-B70F-7FD97778A1EA}.Debug|Any CPU.Build.0 = Debug|Any CPU
		{AE0D99E8-5655-4338-B70F-7FD97778A1EA}.Release|Any CPU.ActiveCfg = Release|Any CPU
		{AE0D99E8-5655-4338-B70F-7FD97778A1EA}.Release|Any CPU.Build.0 = Release|Any CPU
		{D7F794E5-113F-43FE-9090-55149A39D1B5}.Debug|Any CPU.ActiveCfg = Debug|Any CPU
		{D7F794E5-113F-43FE-9090-55149A39D1B5}.Debug|Any CPU.Build.0 = Debug|Any CPU
		{D7F794E5-113F-43FE-9090-55149A39D1B5}.Release|Any CPU.ActiveCfg = Release|Any CPU
		{D7F794E5-113F-43FE-9090-55149A39D1B5}.Release|Any CPU.Build.0 = Release|Any CPU
	EndGlobalSection
	GlobalSection(SolutionProperties) = preSolution
		HideSolutionNode = FALSE
	EndGlobalSection
	GlobalSection(ExtensibilityGlobals) = postSolution
		SolutionGuid = {44FB128E-8F18-4289-B8B1-DF78F735D960}
	EndGlobalSection
EndGlobal
